{
  "object": {
    "pins": [
      {
        "package": "CalendarKit",
        "repositoryURL": "https://github.com/richardtop/CalendarKit.git",
        "state": {
          "branch": null,
          "revision": "2154298df8a31a82309b7369d34bf805201879d3",
          "version": "1.1.9"
        }
      },
      {
        "package": "JTAppleCalendar",
        "repositoryURL": "https://github.com/patchthecode/JTAppleCalendar",
        "state": {
          "branch": null,
          "revision": "718f0ab68ba0fcd2bc134f6e9d30edc1b9b038e1",
          "version": "8.0.5"
        }
      },
      {
        "package": "PrettyCards",
        "repositoryURL": "https://github.com/simla-tech/PrettyCards",
        "state": {
          "branch": null,
          "revision": "3115edbd79c66090729dfb261dc4fbf7c6df0ac1",
          "version": "1.0.7"
        }
      }
    ]
  },
  "version": 1
}
